version = 1
okr-version = "0.1.7"
generated = "2026-08-27T00:00:00Z"
snapshot = "2026-08-27"
config-digest = "sha256:6fad8ee72fa34349eb25096409c62f52846a51b09feadb972ed99cc5b5d45860"
environment-digest = "sha256:fdfca7f4e8d88b46741d123491e6cec3b305f4e33e443a1052855638df416e83"

[[package]]
name = "DT"
version = "0.34.0"
source = "cran"
url = "https://packagemanager.posit.co/cran/2026-08-27/src/contrib/DT_0.34.0.tar.gz"
fetch-method = "tarball"
artifact-digest = "sha256:e4c1da34c1ae8efdd6d9a3b72cd9cf5ab119fb1db249e7291341b8c2695bf9f3"
tree-digest = "sha256:ba9e07d801d7ea95f7f14742c40abd062f6e9ff20e3e061510a270c2025dd275"
license = "MIT + file LICENSE"

[[package]]
name = "R6"
version = "2.6.1"
source = "cran"
url = "https://packagemanager.posit.co/cran/2026-08-27/src/contrib/R6_2.6.1.tar.gz"
fetch-method = "tarball"
artifact-digest = "sha256:586ac3b49cf53294a57935a150793a994db5229509feab7c51c7d1b2073df910"
tree-digest = "sha256:a1a7b176632943a2215fb7e3db53718b7b75006a0b1ffba66af6a43bff243d81"
license = "MIT + file LICENSE"

[[package]]
name = "S7"
version = "0.2.2"
source = "cran"
url = "https://packagemanager.posit.co/cran/2026-08-27/src/contrib/S7_0.2.2.tar.gz"
fetch-method = "tarball"
artifact-digest = "sha256:d538cb1db055a2cff9096cc220fbc57590ae7b917841cb109feaf9f7e8e4dcae"
tree-digest = "sha256:9398120ffa647c4e327c7d539849d7bf821241651693a97f0a84e8a2428858d2"
license = "MIT + file LICENSE"

[[package]]
name = "bslib"
version = "0.12.0"
source = "cran"
url = "https://packagemanager.posit.co/cran/2026-08-27/src/contrib/bslib_0.12.0.tar.gz"
fetch-method = "tarball"
artifact-digest = "sha256:de5cc185fcb49bf2791e80be3043b4c9546f473c322eaae8e3efa751fa76c858"
tree-digest = "sha256:1cc6eef156c8ccd7553c0724fc468062c36566cff9e8118cecfb2a2d3640169e"
license = "MIT + file LICENSE"

[[package]]
name = "cli"
version = "3.6.6"
source = "cran"
url = "https://packagemanager.posit.co/cran/2026-08-27/src/contrib/cli_3.6.6.tar.gz"
fetch-method = "tarball"
artifact-digest = "sha256:27b5e74a6b2a8264457ce8412ded40aa7b660e01894bea4bfde956bbc4b5b294"
tree-digest = "sha256:1bde075de637f4a0ac1d313818cfe25cf4552d84725266e7c3947a6f698fa7d0"
license = "MIT + file LICENSE"

[[package]]
name = "ellmer"
version = "0.4.2"
source = "cran"
url = "https://packagemanager.posit.co/cran/2026-08-27/src/contrib/ellmer_0.4.2.tar.gz"
fetch-method = "tarball"
artifact-digest = "sha256:a3939b8e6c9931b6c742fd12f5c04da2e4553907d2fcfe0373fc5027e3a28df9"
tree-digest = "sha256:b69dc7cb5d1a6f2dae40007e446ef4eaa73a8a2114998037beb61287be1121e3"
license = "MIT + file LICENSE"

[[package]]
name = "ggplot2"
version = "4.0.3"
source = "cran"
url = "https://packagemanager.posit.co/cran/2026-08-27/src/contrib/ggplot2_4.0.3.tar.gz"
fetch-method = "tarball"
artifact-digest = "sha256:38a2042d956f2167bdf60311c052ced6c5015bf5cafc7a7ff1ce103bef4a202a"
tree-digest = "sha256:ec6772b0489b8d694643f28fbf4ba2babb30e7c96bf9b2a220552e1b5ff6e81e"
license = "MIT + file LICENSE"

[[package]]
name = "htmltools"
version = "0.5.9"
source = "cran"
url = "https://packagemanager.posit.co/cran/2026-08-27/src/contrib/htmltools_0.5.9.tar.gz"
fetch-method = "tarball"
artifact-digest = "sha256:b2f92a5a12ab4f5920cc09d3b56e83891017dc401f803df0f394285c6bbd8739"
tree-digest = "sha256:9fd497a95b004ef0c04af1b149cbb4c083c26349aea9c4b8a610b33350400b3a"
license = "GPL (>= 2)"

[[package]]
name = "jsonlite"
version = "2.0.0"
source = "cran"
url = "https://packagemanager.posit.co/cran/2026-08-27/src/contrib/jsonlite_2.0.0.tar.gz"
fetch-method = "tarball"
artifact-digest = "sha256:887344a4c87300b3756614a2c403f6e00b0ad95ddd3b671dcbe0e8e9a1103841"
tree-digest = "sha256:dd2132767741931c2d7f3082602579af94a8acb59a42e760463067becb7e5119"
license = "MIT + file LICENSE"

[[package]]
name = "promises"
version = "1.5.0"
source = "cran"
url = "https://packagemanager.posit.co/cran/2026-08-27/src/contrib/promises_1.5.0.tar.gz"
fetch-method = "tarball"
artifact-digest = "sha256:33e43b02e792619175b13bf62d155c67f28ffeddcc0710e63b184254628f8234"
tree-digest = "sha256:a8808d1574b0ae2f27485b4da17c7f6fb516c04fe3bc42928659e59876385c0b"
license = "MIT + file LICENSE"

[[package]]
name = "querychat"
version = "0.3.0"
source = "cran"
url = "https://packagemanager.posit.co/cran/2026-08-27/src/contrib/querychat_0.3.0.tar.gz"
fetch-method = "tarball"
artifact-digest = "sha256:3a9c3f21a4680ba2827d75401c69211fd1388ae40e3fe11e519d049a9691f58a"
tree-digest = "sha256:47fc58dfa5730e5fb30e5fb14bbdb74953ad7100b7f6c78d3a8d4d4c02a2d54f"
license = "MIT + file LICENSE"

[[package]]
name = "rlang"
version = "1.3.0"
source = "cran"
url = "https://packagemanager.posit.co/cran/2026-08-27/src/contrib/rlang_1.3.0.tar.gz"
fetch-method = "tarball"
artifact-digest = "sha256:459f92e11b8a5a51fa4d13de6906621078bae163ade7d595e1962dd26306f5ff"
tree-digest = "sha256:cb90fff56d68b1072a531101d60fb4ded91fb2e91b61d6419cc8fc9bcbd0234c"
license = "MIT + file LICENSE"

[[package]]
name = "shiny"
version = "1.14.0"
source = "cran"
url = "https://packagemanager.posit.co/cran/2026-08-27/src/contrib/shiny_1.14.0.tar.gz"
fetch-method = "tarball"
artifact-digest = "sha256:2ea092fa410e58cc1afadb9a9948420a40d164c1740b4044636a26f8228757b2"
tree-digest = "sha256:0cc66971554e504be56df39bfcd1396d3a9d7082741f7cd01d13ae5e5abf79b2"
license = "MIT + file LICENSE"

[[package]]
name = "shinychat"
version = "0.4.0"
source = "cran"
url = "https://packagemanager.posit.co/cran/2026-08-27/src/contrib/shinychat_0.4.0.tar.gz"
fetch-method = "tarball"
artifact-digest = "sha256:a43da698c793223d51b51a5cb7028c1ff9a12742d105c4fd8415c7dcce41027f"
tree-digest = "sha256:67494244ec3a8a27607cdf1e19ef8f9cea200344b52ee9264b7a3228f0912a42"
license = "MIT + file LICENSE"

[[package]]
name = "shinytest2"
version = "0.5.1"
source = "cran"
url = "https://packagemanager.posit.co/cran/2026-08-27/src/contrib/shinytest2_0.5.1.tar.gz"
fetch-method = "tarball"
artifact-digest = "sha256:c7355c2351c77448fcbbaf616115fc227135d0a2b3b0d5435e593cd53279c94e"
tree-digest = "sha256:8721bc7bed73d8254043b12be75c6414ebac311a4668d88143a5b93b1bcd437e"
license = "MIT + file LICENSE"

[[package]]
name = "testthat"
version = "3.3.2"
source = "cran"
url = "https://packagemanager.posit.co/cran/2026-08-27/src/contrib/testthat_3.3.2.tar.gz"
fetch-method = "tarball"
artifact-digest = "sha256:4617d692deddbe208cfd71b801cd7a268d70fa40c4f17ac24ec0df1d70ce221c"
tree-digest = "sha256:7ccde326b93dfa6b961ef6366611c486e2bfd278629b16f1ac184dcc49d5569d"
license = "MIT + file LICENSE"

[[package]]
name = "whisker"
version = "0.4.1"
source = "cran"
url = "https://packagemanager.posit.co/cran/2026-08-27/src/contrib/whisker_0.4.1.tar.gz"
fetch-method = "tarball"
artifact-digest = "sha256:64a94cfb4ac33ec01d3a0567bfcf03bd7babb2f61fe1463d02aa5cac2586c9eb"
tree-digest = "sha256:95319264ec03705e8f605dc1b09476e7751f4cc1df8dbccb10d475c2108de355"
license = "GPL-3"

[[reference]]
name = "a2ui"
source = "github::a2ui-project/a2ui"
commit = "5851b3f48428a8566764e1cbdf28f4eb3d48ffa2"
fetch-method = "forge-tarball"
artifact-digest = "sha256:8b2cc73221ff01e6a26e3d961a542b070b78509d4157b108049eb8c40d0ec6dc"
tree-digest = "sha256:89e208e48794f03e02294c2e98be5ea59901b5f745b843bed50ef07c728714fd"
license = "MIT"

[[reference]]
name = "json-render"
source = "github::vercel-labs/json-render"
commit = "a4d033cf041e7b323ee10f196ef8a3ff2fc1f85f"
fetch-method = "forge-tarball"
artifact-digest = "sha256:0332ffa31c32b870ae2d73a22d2d5b9ef01108645c0ceff2a2b4d393d8da4c78"
tree-digest = "sha256:c63c9ae390347062fddc82ae2d86b7f25420b39dfa96a2ebaf1c7c5226d20e3c"
license = "Apache-2.0"
